dependencies:
  espressif/eppp_link:
    component_hash: f82b41b83936cb99b01129c0aec5ebf39c4bbff252bea400062d8bc4e7b83e20
    dependencies:
    - name: espressif/esp_serial_slave_link
      registry_url: https://components.espressif.com
      require: private
      version: ^1.1.0
    - name: idf
      require: private
      version: '>=5.2'
    source:
      registry_url: https://components.espressif.com
      type: service
    version: 0.3.1
  espressif/esp_hosted:
    component_hash: b655ac537a11d2257c75f88a0445cbaf19c71a5e1170ec7f287936efac169d7d
    dependencies:
    - name: idf
      require: private
      version: '>=5.3'
    source:
      registry_url: https://components.espressif.com
      type: service
    version: 2.0.13
  espressif/esp_serial_slave_link:
    component_hash: d8c13c033a7604e9333b5d8ea45e0d6fec908fd552df7db20d33dd8d6916528d
    dependencies:
    - name: idf
      require: private
      version: '>=5.0'
    source:
      registry_url: https://components.espressif.com
      type: service
    version: 1.1.0~1
  espressif/esp_wifi_remote:
    component_hash: 2264e0e004ec9a2c165e19e8c25e649cf01e3417a5ec3edb4759355710e1c9a1
    dependencies:
    - name: espressif/eppp_link
      registry_url: https://components.espressif.com
      require: private
      version: '>=0.1'
    - name: espressif/esp_hosted
      registry_url: https://components.espressif.com
      require: private
      rules:
      - if: target in [esp32h2, esp32p4]
      version: '>=0.0.6'
    - name: idf
      require: private
      version: '>=5.3'
    source:
      registry_url: https://components.espressif.com/
      type: service
    version: 0.14.2
  idf:
    source:
      type: idf
    version: 5.5.0
direct_dependencies:
- espressif/esp_wifi_remote
- idf
manifest_hash: 520c2f19dc2bf10602c22fb475d2f9dd307068cf5ab996f0cfb491ca2db22ced
target: esp32p4
version: 2.0.0
